
Microsoft Visual Studio Solution File, Format Version 12.00
# Visual Studio 14
VisualStudioVersion = 14.0.25123.0
MinimumVisualStudioVersion = 10.0.40219.1
Project("{FAE04EC0-301F-11D3-BF4B-00C04F79EFBC}") = "SD_WEB", "SD_Ambience\SD_WEB.csproj", "{C908E199-F4D5-45CB-8BF4-F0D472555B98}"
EndProject
Project("{FAE04EC0-301F-11D3-BF4B-00C04F79EFBC}") = "SD.BusinessLayer", "SD.BusinessLayer\SD.BusinessLayer.csproj", "{DA7D8D83-7D79-43DA-973F-51B4C201248D}"
EndProject
Project("{FAE04EC0-301F-11D3-BF4B-00C04F79EFBC}") = "SD.Data", "SD.Data\SD.Data.csproj", "{1ADD0F0F-EED9-4BDD-BE17-A58DD15C73A5}"
EndProject
Project("{FAE04EC0-301F-11D3-BF4B-00C04F79EFBC}") = "SD.Commons.Shared", "SD.Commons.Shared\SD.Commons.Shared.csproj", "{A387E1C0-9F65-4BC6-BF48-E013435430CF}"
EndProject
Project("{FAE04EC0-301F-11D3-BF4B-00C04F79EFBC}") = "SD.Repositories", "SD.Repositories\SD.Repositories.csproj", "{D878A5C8-32EE-4CED-830F-DA112DBB120F}"
EndProject
Project("{FAE04EC0-301F-11D3-BF4B-00C04F79EFBC}") = "SD.UnitTest", "SD.UnitTest\SD.UnitTest.csproj", "{BE0D1E79-EAC0-487C-BCFA-13D3F84153A6}"
EndProject
Project("{2150E333-8FDC-42A3-9474-1A3956D46DE8}") = "Data", "Data", "{DC9B54F6-B121-470D-9E12-21C7EF6E9BB9}"
EndProject
Project("{2150E333-8FDC-42A3-9474-1A3956D46DE8}") = "Shared", "Shared", "{856B36C5-5506-4790-8DE4-BF9DAE2EF692}"
EndProject
Project("{2150E333-8FDC-42A3-9474-1A3956D46DE8}") = "BusinessLayer", "BusinessLayer", "{7CFB5A56-D9C8-4EBE-99E2-CC58C5D27307}"
EndProject
Project("{2150E333-8FDC-42A3-9474-1A3956D46DE8}") = "Security", "Security", "{B92CE476-7C71-4193-90E2-99801C45EF5C}"
EndProject
Project("{2150E333-8FDC-42A3-9474-1A3956D46DE8}") = "UnitTests", "UnitTests", "{9E9B258E-DA5E-4F96-A7CF-6DAB24CE5438}"
EndProject
Project("{FAE04EC0-301F-11D3-BF4B-00C04F79EFBC}") = "SD.Security", "SD.Security\SD.Security.csproj", "{7A0C9DA0-2E53-4941-BCE4-B56BC9073012}"
EndProject
Project("{FAE04EC0-301F-11D3-BF4B-00C04F79EFBC}") = "SD.Data.Entities", "SD.Data.Entities\SD.Data.Entities.csproj", "{D2D75EA6-6FA7-4114-97FD-51C6F7EFDFCC}"
EndProject
Project("{F088123C-0E9E-452A-89E6-6BA2F21D5CAC}") = "ModelingProject1", "ModelingProject1\ModelingProject1.modelproj", "{F0F8549D-272C-4798-8965-3F3F8CF99403}"
EndProject
Global
	GlobalSection(SolutionConfigurationPlatforms) = preSolution
		Debug|Any CPU = Debug|Any CPU
		Release|Any CPU = Release|Any CPU
	EndGlobalSection
	GlobalSection(ProjectConfigurationPlatforms) = postSolution
		{C908E199-F4D5-45CB-8BF4-F0D472555B98}.Debug|Any CPU.ActiveCfg = Debug|Any CPU
		{C908E199-F4D5-45CB-8BF4-F0D472555B98}.Debug|Any CPU.Build.0 = Debug|Any CPU
		{C908E199-F4D5-45CB-8BF4-F0D472555B98}.Debug|Any CPU.Deploy.0 = Debug|Any CPU
		{C908E199-F4D5-45CB-8BF4-F0D472555B98}.Release|Any CPU.ActiveCfg = Release|Any CPU
		{C908E199-F4D5-45CB-8BF4-F0D472555B98}.Release|Any CPU.Build.0 = Release|Any CPU
		{DA7D8D83-7D79-43DA-973F-51B4C201248D}.Debug|Any CPU.ActiveCfg = Debug|Any CPU
		{DA7D8D83-7D79-43DA-973F-51B4C201248D}.Debug|Any CPU.Build.0 = Debug|Any CPU
		{DA7D8D83-7D79-43DA-973F-51B4C201248D}.Release|Any CPU.ActiveCfg = Release|Any CPU
		{DA7D8D83-7D79-43DA-973F-51B4C201248D}.Release|Any CPU.Build.0 = Release|Any CPU
		{1ADD0F0F-EED9-4BDD-BE17-A58DD15C73A5}.Debug|Any CPU.ActiveCfg = Debug|Any CPU
		{1ADD0F0F-EED9-4BDD-BE17-A58DD15C73A5}.Debug|Any CPU.Build.0 = Debug|Any CPU
		{1ADD0F0F-EED9-4BDD-BE17-A58DD15C73A5}.Release|Any CPU.ActiveCfg = Release|Any CPU
		{1ADD0F0F-EED9-4BDD-BE17-A58DD15C73A5}.Release|Any CPU.Build.0 = Release|Any CPU
		{A387E1C0-9F65-4BC6-BF48-E013435430CF}.Debug|Any CPU.ActiveCfg = Debug|Any CPU
		{A387E1C0-9F65-4BC6-BF48-E013435430CF}.Debug|Any CPU.Build.0 = Debug|Any CPU
		{A387E1C0-9F65-4BC6-BF48-E013435430CF}.Release|Any CPU.ActiveCfg = Release|Any CPU
		{A387E1C0-9F65-4BC6-BF48-E013435430CF}.Release|Any CPU.Build.0 = Release|Any CPU
		{D878A5C8-32EE-4CED-830F-DA112DBB120F}.Debug|Any CPU.ActiveCfg = Debug|Any CPU
		{D878A5C8-32EE-4CED-830F-DA112DBB120F}.Debug|Any CPU.Build.0 = Debug|Any CPU
		{D878A5C8-32EE-4CED-830F-DA112DBB120F}.Release|Any CPU.ActiveCfg = Release|Any CPU
		{D878A5C8-32EE-4CED-830F-DA112DBB120F}.Release|Any CPU.Build.0 = Release|Any CPU
		{BE0D1E79-EAC0-487C-BCFA-13D3F84153A6}.Debug|Any CPU.ActiveCfg = Debug|Any CPU
		{BE0D1E79-EAC0-487C-BCFA-13D3F84153A6}.Debug|Any CPU.Build.0 = Debug|Any CPU
		{BE0D1E79-EAC0-487C-BCFA-13D3F84153A6}.Release|Any CPU.ActiveCfg = Release|Any CPU
		{BE0D1E79-EAC0-487C-BCFA-13D3F84153A6}.Release|Any CPU.Build.0 = Release|Any CPU
		{7A0C9DA0-2E53-4941-BCE4-B56BC9073012}.Debug|Any CPU.ActiveCfg = Debug|Any CPU
		{7A0C9DA0-2E53-4941-BCE4-B56BC9073012}.Debug|Any CPU.Build.0 = Debug|Any CPU
		{7A0C9DA0-2E53-4941-BCE4-B56BC9073012}.Release|Any CPU.ActiveCfg = Release|Any CPU
		{7A0C9DA0-2E53-4941-BCE4-B56BC9073012}.Release|Any CPU.Build.0 = Release|Any CPU
		{D2D75EA6-6FA7-4114-97FD-51C6F7EFDFCC}.Debug|Any CPU.ActiveCfg = Debug|Any CPU
		{D2D75EA6-6FA7-4114-97FD-51C6F7EFDFCC}.Debug|Any CPU.Build.0 = Debug|Any CPU
		{D2D75EA6-6FA7-4114-97FD-51C6F7EFDFCC}.Release|Any CPU.ActiveCfg = Release|Any CPU
		{D2D75EA6-6FA7-4114-97FD-51C6F7EFDFCC}.Release|Any CPU.Build.0 = Release|Any CPU
		{F0F8549D-272C-4798-8965-3F3F8CF99403}.Debug|Any CPU.ActiveCfg = Debug|Any CPU
		{F0F8549D-272C-4798-8965-3F3F8CF99403}.Debug|Any CPU.Build.0 = Debug|Any CPU
		{F0F8549D-272C-4798-8965-3F3F8CF99403}.Release|Any CPU.ActiveCfg = Release|Any CPU
		{F0F8549D-272C-4798-8965-3F3F8CF99403}.Release|Any CPU.Build.0 = Release|Any CPU
	EndGlobalSection
	GlobalSection(SolutionProperties) = preSolution
		HideSolutionNode = FALSE
	EndGlobalSection
	GlobalSection(NestedProjects) = preSolution
		{DA7D8D83-7D79-43DA-973F-51B4C201248D} = {7CFB5A56-D9C8-4EBE-99E2-CC58C5D27307}
		{1ADD0F0F-EED9-4BDD-BE17-A58DD15C73A5} = {DC9B54F6-B121-470D-9E12-21C7EF6E9BB9}
		{A387E1C0-9F65-4BC6-BF48-E013435430CF} = {856B36C5-5506-4790-8DE4-BF9DAE2EF692}
		{D878A5C8-32EE-4CED-830F-DA112DBB120F} = {DC9B54F6-B121-470D-9E12-21C7EF6E9BB9}
		{BE0D1E79-EAC0-487C-BCFA-13D3F84153A6} = {9E9B258E-DA5E-4F96-A7CF-6DAB24CE5438}
		{7A0C9DA0-2E53-4941-BCE4-B56BC9073012} = {B92CE476-7C71-4193-90E2-99801C45EF5C}
		{D2D75EA6-6FA7-4114-97FD-51C6F7EFDFCC} = {DC9B54F6-B121-470D-9E12-21C7EF6E9BB9}
	EndGlobalSection
	GlobalSection(TeamFoundationVersionControl) = preSolution
		SccNumberOfProjects = 10
		SccEnterpriseProvider = {4CA58AB2-18FA-4F8D-95D4-32DDF27D184C}
		SccTeamFoundationServer = https://aghaffer.visualstudio.com/
		SccLocalPath0 = .
		SccProjectUniqueName1 = SD_Ambience\\SD_WEB.csproj
		SccProjectName1 = SD_Ambience
		SccLocalPath1 = SD_Ambience
		SccProjectUniqueName2 = SD.BusinessLayer\\SD.BusinessLayer.csproj
		SccProjectTopLevelParentUniqueName2 = SD_Ambience.sln
		SccProjectName2 = SD.BusinessLayer
		SccLocalPath2 = SD.BusinessLayer
		SccProjectUniqueName3 = SD.Data\\SD.Data.csproj
		SccProjectTopLevelParentUniqueName3 = SD_Ambience.sln
		SccProjectName3 = SD.Data
		SccLocalPath3 = SD.Data
		SccProjectUniqueName4 = SD.Commons.Shared\\SD.Commons.Shared.csproj
		SccProjectTopLevelParentUniqueName4 = SD_Ambience.sln
		SccProjectName4 = SD.Commons.Shared
		SccLocalPath4 = SD.Commons.Shared
		SccProjectUniqueName5 = SD.Repositories\\SD.Repositories.csproj
		SccProjectTopLevelParentUniqueName5 = SD_Ambience.sln
		SccProjectName5 = SD.Repositories
		SccLocalPath5 = SD.Repositories
		SccProjectUniqueName6 = SD.UnitTest\\SD.UnitTest.csproj
		SccProjectTopLevelParentUniqueName6 = SD_Ambience.sln
		SccProjectName6 = SD.UnitTest
		SccLocalPath6 = SD.UnitTest
		SccProjectUniqueName7 = SD.Security\\SD.Security.csproj
		SccProjectTopLevelParentUniqueName7 = SD_Ambience.sln
		SccProjectName7 = SD.Security
		SccLocalPath7 = SD.Security
		SccProjectUniqueName8 = SD.Data.Entities\\SD.Data.Entities.csproj
		SccProjectTopLevelParentUniqueName8 = SD_Ambience.sln
		SccProjectName8 = SD.Data.Entities
		SccLocalPath8 = SD.Data.Entities
		SccProjectUniqueName9 = ModelingProject1\\ModelingProject1.modelproj
		SccProjectName9 = ModelingProject1
		SccLocalPath9 = ModelingProject1
	EndGlobalSection
EndGlobal
